{
  "nodes": {
    "autorize": {
      "inputs": {
        "nixpkgs": [
          "nixpkgs"
        ],
        "nvim-http-client": [
          "nvim-http-client"
        ]
      },
      "locked": {
        "lastModified": 1781823690,
        "narHash": "sha256-uggFczkgfXFnmwERLQTbq60pThLsa6YvskQ1Zt8Ov3k=",
        "owner": "stacksparrow4",
        "repo": "autorize",
        "rev": "6d131d08360ae1d51768a87123e5fd2dc105821b",
        "type": "github"
      },
      "original": {
        "owner": "stacksparrow4",
        "ref": "main",
        "repo": "autorize",
        "type": "github"
      }
    },
    "home-manager": {
      "inputs": {
        "nixpkgs": [
          "nixpkgs"
        ]
      },
      "locked": {
        "lastModified": 1781981105,
        "narHash": "sha256-/1nNBbA7PrSQpTc9Qazkhl4kIPg+TNl0CjxS3UQJKlw=",
        "owner": "nix-community",
        "repo": "home-manager",
        "rev": "7bfff44b465909f69a442701293bc0badcf476dc",
        "type": "github"
      },
      "original": {
        "owner": "nix-community",
        "ref": "release-26.05",
        "repo": "home-manager",
        "type": "github"
      }
    },
    "nixpkgs": {
      "locked": {
        "lastModified": 1782535326,
        "narHash": "sha256-ZeRxu4yn6shd3SNF5ZUQb4r7BaVo1zBKMjRhfoNSBmw=",
        "owner": "nixos",
        "repo": "nixpkgs",
        "rev": "714a5f8c4ead6b31148d829288440ed033ccc041",
        "type": "github"
      },
      "original": {
        "owner": "nixos",
        "ref": "nixos-26.05",
        "repo": "nixpkgs",
        "type": "github"
      }
    },
    "nixpkgs-unstable": {
      "locked": {
        "lastModified": 1782467914,
        "narHash": "sha256-pGvFkM8N0xEkIIXDe5YYfbEAvHrk4IxBrjB/x8OomhE=",
        "owner": "nixos",
        "repo": "nixpkgs",
        "rev": "e73de5be04e0eff4190a1432b946d469c794e7b4",
        "type": "github"
      },
      "original": {
        "owner": "nixos",
        "ref": "nixos-unstable",
        "repo": "nixpkgs",
        "type": "github"
      }
    },
    "nvim-http-client": {
      "inputs": {
        "nixpkgs": [
          "nixpkgs"
        ]
      },
      "locked": {
        "lastModified": 1782364769,
        "narHash": "sha256-Nodi087W+dnuiI5YcH730tKO0HtXaNCnuS3MfK3qrSs=",
        "owner": "stacksparrow4",
        "repo": "nvim-http-client",
        "rev": "23fa19c46230f345da4b496b89b8ef5aed4f51af",
        "type": "github"
      },
      "original": {
        "owner": "stacksparrow4",
        "ref": "main",
        "repo": "nvim-http-client",
        "type": "github"
      }
    },
    "pwnproxy": {
      "inputs": {
        "nixpkgs": [
          "nixpkgs"
        ]
      },
      "locked": {
        "lastModified": 1782349033,
        "narHash": "sha256-El8C+iwcDCZ02QN8237z+AdDg2QGoG5JXa6B1cAHPxo=",
        "owner": "stacksparrow4",
        "repo": "pwnproxy",
        "rev": "ef07636e4f117382c2492db356b5f66748a8b6b1",
        "type": "github"
      },
      "original": {
        "owner": "stacksparrow4",
        "ref": "main",
        "repo": "pwnproxy",
        "type": "github"
      }
    },
    "root": {
      "inputs": {
        "autorize": "autorize",
        "home-manager": "home-manager",
        "nixpkgs": "nixpkgs",
        "nixpkgs-unstable": "nixpkgs-unstable",
        "nvim-http-client": "nvim-http-client",
        "pwnproxy": "pwnproxy"
      }
    }
  },
  "root": "root",
  "version": 7
}
