{
  "nodes": {
    "home-manager": {
      "inputs": {
        "nixpkgs": [
          "nixpkgs"
        ]
      },
      "locked": {
        "lastModified": 1779506708,
        "narHash": "sha256-QOD/CNm196nCJRheux/URi4/HE66fthdOMqCJoPP1Y0=",
        "owner": "nix-community",
        "repo": "home-manager",
        "rev": "3ee51fbdac8c8bdfe1e7e1fcaba6520a563f394f",
        "type": "github"
      },
      "original": {
        "owner": "nix-community",
        "ref": "release-25.11",
        "repo": "home-manager",
        "type": "github"
      }
    },
    "nixpkgs": {
      "locked": {
        "lastModified": 1780952837,
        "narHash": "sha256-Fwd1+spDtQ0hDyBwme6ufG3n4mY0UrjjFdYHv+G/Hds=",
        "owner": "nixos",
        "repo": "nixpkgs",
        "rev": "e820eb4a444b46a19b2e03e8dfd2359439ff30fe",
        "type": "github"
      },
      "original": {
        "owner": "nixos",
        "ref": "nixos-25.11",
        "repo": "nixpkgs",
        "type": "github"
      }
    },
    "nixpkgs-unstable": {
      "locked": {
        "lastModified": 1781074563,
        "narHash": "sha256-md8WlXOlfnIeHeOScMTTHFyf2d6iaTwPl2apR5EQ3P4=",
        "owner": "nixos",
        "repo": "nixpkgs",
        "rev": "9ae611a455b90cf061d8f332b977e387bda8e1ca",
        "type": "github"
      },
      "original": {
        "owner": "nixos",
        "ref": "nixos-unstable",
        "repo": "nixpkgs",
        "type": "github"
      }
    },
    "nvim-http-client": {
      "inputs": {
        "nixpkgs": [
          "nixpkgs"
        ]
      },
      "locked": {
        "lastModified": 1781226894,
        "narHash": "sha256-AZqFwW49lAwdRb+cZ0TYZtZGQ7acqNZR+7HjdyvEJxw=",
        "owner": "stacksparrow4",
        "repo": "nvim-http-client",
        "rev": "80e52b4c7f68226c985530fbb8dea8e595cc7f52",
        "type": "github"
      },
      "original": {
        "owner": "stacksparrow4",
        "ref": "main",
        "repo": "nvim-http-client",
        "type": "github"
      }
    },
    "pwnproxy": {
      "inputs": {
        "nixpkgs": [
          "nixpkgs"
        ]
      },
      "locked": {
        "lastModified": 1781502949,
        "narHash": "sha256-UbOmTbeCYF0m8TO5PPfyg7eE8oaTK4ChIXLGc6YRikI=",
        "owner": "stacksparrow4",
        "repo": "pwnproxy",
        "rev": "338bdbd66e3ddcaf8c07569d44e15b043c0c4a75",
        "type": "github"
      },
      "original": {
        "owner": "stacksparrow4",
        "ref": "main",
        "repo": "pwnproxy",
        "type": "github"
      }
    },
    "root": {
      "inputs": {
        "home-manager": "home-manager",
        "nixpkgs": "nixpkgs",
        "nixpkgs-unstable": "nixpkgs-unstable",
        "nvim-http-client": "nvim-http-client",
        "pwnproxy": "pwnproxy"
      }
    }
  },
  "root": "root",
  "version": 7
}
